
Microsoft Visual Studio Solution File, Format Version 12.00
# Visual Studio Version 17
VisualStudioVersion = 17.7.34024.191
MinimumVisualStudioVersion = 10.0.40219.1
Project("{FAE04EC0-301F-11D3-BF4B-00C04F79EFBC}") = "KK13", "KK13\KK13.csproj", "{D63146B5-63AE-4EEE-BA5F-2C7D75D13409}"
EndProject
Global
	GlobalSection(SolutionConfigurationPlatforms) = preSolution
		Debug|Any CPU = Debug|Any CPU
		Release|Any CPU = Release|Any CPU
	EndGlobalSection
	GlobalSection(ProjectConfigurationPlatforms) = postSolution
		{D63146B5-63AE-4EEE-BA5F-2C7D75D13409}.Debug|Any CPU.ActiveCfg = Debug|Any CPU
		{D63146B5-63AE-4EEE-BA5F-2C7D75D13409}.Debug|Any CPU.Build.0 = Debug|Any CPU
		{D63146B5-63AE-4EEE-BA5F-2C7D75D13409}.Release|Any CPU.ActiveCfg = Release|Any CPU
		{D63146B5-63AE-4EEE-BA5F-2C7D75D13409}.Release|Any CPU.Build.0 = Release|Any CPU
	EndGlobalSection
	GlobalSection(SolutionProperties) = preSolution
		HideSolutionNode = FALSE
	EndGlobalSection
	GlobalSection(ExtensibilityGlobals) = postSolution
		SolutionGuid = {D319F9A0-F9C9-4561-9C4F-F05528096EE4}
	EndGlobalSection
EndGlobal
